
Microsoft Visual Studio Solution File, Format Version 12.00
# Visual Studio 15
VisualStudioVersion = 15.0.28010.2016
MinimumVisualStudioVersion = 10.0.40219.1
Project("{FAE04EC0-301F-11D3-BF4B-00C04F79EFBC}") = "Lecture 11 - 2", "Lecture 11 - 2\Lecture 11 - 2.csproj", "{69097EB8-7B93-4516-8EAD-2E4FC253D699}"
EndProject
Global
	GlobalSection(SolutionConfigurationPlatforms) = preSolution
		Debug|Any CPU = Debug|Any CPU
		Release|Any CPU = Release|Any CPU
	EndGlobalSection
	GlobalSection(ProjectConfigurationPlatforms) = postSolution
		{69097EB8-7B93-4516-8EAD-2E4FC253D699}.Debug|Any CPU.ActiveCfg = Debug|Any CPU
		{69097EB8-7B93-4516-8EAD-2E4FC253D699}.Debug|Any CPU.Build.0 = Debug|Any CPU
		{69097EB8-7B93-4516-8EAD-2E4FC253D699}.Release|Any CPU.ActiveCfg = Release|Any CPU
		{69097EB8-7B93-4516-8EAD-2E4FC253D699}.Release|Any CPU.Build.0 = Release|Any CPU
	EndGlobalSection
	GlobalSection(SolutionProperties) = preSolution
		HideSolutionNode = FALSE
	EndGlobalSection
	GlobalSection(ExtensibilityGlobals) = postSolution
		SolutionGuid = {27B1C2BB-E9EA-4E73-A2FF-941897BE9A69}
	EndGlobalSection
EndGlobal
