
Microsoft Visual Studio Solution File, Format Version 12.00
# Visual Studio 15
VisualStudioVersion = 15.0.28010.2016
MinimumVisualStudioVersion = 10.0.40219.1
Project("{FAE04EC0-301F-11D3-BF4B-00C04F79EFBC}") = "Lecture 9", "Lecture 9\Lecture 9.csproj", "{5F8927FC-E7F6-4A42-9703-C67409C96581}"
EndProject
Global
	GlobalSection(SolutionConfigurationPlatforms) = preSolution
		Debug|Any CPU = Debug|Any CPU
		Release|Any CPU = Release|Any CPU
	EndGlobalSection
	GlobalSection(ProjectConfigurationPlatforms) = postSolution
		{5F8927FC-E7F6-4A42-9703-C67409C96581}.Debug|Any CPU.ActiveCfg = Debug|Any CPU
		{5F8927FC-E7F6-4A42-9703-C67409C96581}.Debug|Any CPU.Build.0 = Debug|Any CPU
		{5F8927FC-E7F6-4A42-9703-C67409C96581}.Release|Any CPU.ActiveCfg = Release|Any CPU
		{5F8927FC-E7F6-4A42-9703-C67409C96581}.Release|Any CPU.Build.0 = Release|Any CPU
	EndGlobalSection
	GlobalSection(SolutionProperties) = preSolution
		HideSolutionNode = FALSE
	EndGlobalSection
	GlobalSection(ExtensibilityGlobals) = postSolution
		SolutionGuid = {838264A0-EDB1-4696-96A6-A04CED6E1E5D}
	EndGlobalSection
EndGlobal
