
Microsoft Visual Studio Solution File, Format Version 12.00
# Visual Studio 15
VisualStudioVersion = 15.0.28010.2016
MinimumVisualStudioVersion = 10.0.40219.1
Project("{FAE04EC0-301F-11D3-BF4B-00C04F79EFBC}") = "Hello World", "Hello World\Hello World.csproj", "{5A69552A-B3C0-45E2-939A-5637A2A8C2B5}"
EndProject
Global
	GlobalSection(SolutionConfigurationPlatforms) = preSolution
		Debug|Any CPU = Debug|Any CPU
		Release|Any CPU = Release|Any CPU
	EndGlobalSection
	GlobalSection(ProjectConfigurationPlatforms) = postSolution
		{5A69552A-B3C0-45E2-939A-5637A2A8C2B5}.Debug|Any CPU.ActiveCfg = Debug|Any CPU
		{5A69552A-B3C0-45E2-939A-5637A2A8C2B5}.Debug|Any CPU.Build.0 = Debug|Any CPU
		{5A69552A-B3C0-45E2-939A-5637A2A8C2B5}.Release|Any CPU.ActiveCfg = Release|Any CPU
		{5A69552A-B3C0-45E2-939A-5637A2A8C2B5}.Release|Any CPU.Build.0 = Release|Any CPU
	EndGlobalSection
	GlobalSection(SolutionProperties) = preSolution
		HideSolutionNode = FALSE
	EndGlobalSection
	GlobalSection(ExtensibilityGlobals) = postSolution
		SolutionGuid = {26E86891-DA62-4A3E-ADE9-10AC80757988}
	EndGlobalSection
EndGlobal
